{
  "name": "localstorage-slim",
  "lockfileVersion": 2,
  "requires": true,
  "packages": {
    "": {
      "dependencies": {
        "localstorage-slim": "^2.1.1"
      }
    },
    "node_modules/localstorage-slim": {
      "version": "2.1.1",
      "resolved": "https://registry.npmjs.org/localstorage-slim/-/localstorage-slim-2.1.1.tgz",
      "integrity": "sha512-GwN0REpvDPy1qDAncp7dPnsonzC/LlxoWWJ6gY7GsUJEELNhOEBThM+eePC277JT+m/ywaNsVdmGLNRTTDXTxg=="
    }
  },
  "dependencies": {
    "localstorage-slim": {
      "version": "2.1.1",
      "resolved": "https://registry.npmjs.org/localstorage-slim/-/localstorage-slim-2.1.1.tgz",
      "integrity": "sha512-GwN0REpvDPy1qDAncp7dPnsonzC/LlxoWWJ6gY7GsUJEELNhOEBThM+eePC277JT+m/ywaNsVdmGLNRTTDXTxg=="
    }
  }
}
